
Microsoft Visual Studio Solution File, Format Version 12.00
# Visual Studio Version 17
VisualStudioVersion = 17.4.33403.182
MinimumVisualStudioVersion = 10.0.40219.1
Project("{2150E333-8FDC-42A3-9474-1A3956D46DE8}") = "Itens de Solução", "Itens de Solução", "{C30766F2-DDE4-4A86-9483-0F03E4A35051}"
	ProjectSection(SolutionItems) = preProject
		.gitattributes = .gitattributes
		.gitignore = .gitignore
		FidelisDuino_Button.h = FidelisDuino_Button.h
		FidelisDuino_EdgeDetection.h = FidelisDuino_EdgeDetection.h
		FidelisDuino_EmulateArduinoCore.h = FidelisDuino_EmulateArduinoCore.h
		FidelisDuino_IO.h = FidelisDuino_IO.h
		FidelisDuino_Timer.h = FidelisDuino_Timer.h
		FidelisDuino_Util.h = FidelisDuino_Util.h
		LICENSE = LICENSE
		PlcLib_EL_TON.h = PlcLib_EL_TON.h
		PlcLib_SSW_PLC_SCAN.h = PlcLib_SSW_PLC_SCAN.h
		README.md = README.md
	EndProjectSection
EndProject
Project("{8BC9CEB8-8B4A-11D0-8D11-00A0C91BC942}") = "FidelisDuino_Button", "FidelisDuino_Button\FidelisDuino_Button\FidelisDuino_Button.vcxproj", "{24C6577D-5EA5-41E8-A912-98EEA43F74E9}"
EndProject
Project("{8BC9CEB8-8B4A-11D0-8D11-00A0C91BC942}") = "FidelisDuino_EdgeDetection", "FidelisDuino_EdgeDetection\FidelisDuino_EdgeDetection\FidelisDuino_EdgeDetection.vcxproj", "{1A036444-0581-4159-A473-29357544473D}"
EndProject
Project("{8BC9CEB8-8B4A-11D0-8D11-00A0C91BC942}") = "FidelisDuino_EmulateArduinoCore", "FidelisDuino_EmulateArduinoCore\FidelisDuino_EmulateArduinoCore\FidelisDuino_EmulateArduinoCore.vcxproj", "{C70D9878-BF16-4793-833F-66BA7C208162}"
EndProject
Project("{8BC9CEB8-8B4A-11D0-8D11-00A0C91BC942}") = "FidelisDuino_IO", "FidelisDuino_IO\FidelisDuino_IO\FidelisDuino_IO.vcxproj", "{4025DBBC-90E9-4E41-9AB6-D21AA9BB65C7}"
EndProject
Project("{8BC9CEB8-8B4A-11D0-8D11-00A0C91BC942}") = "FidelisDuino_Timer", "FidelisDuino_Timer\FidelisDuino_Timer\FidelisDuino_Timer.vcxproj", "{98204FF3-FE17-43E4-8DAC-7AA5B5DC2C43}"
EndProject
Project("{8BC9CEB8-8B4A-11D0-8D11-00A0C91BC942}") = "FidelisDuino_Util", "FidelisDuino_Util\FidelisDuino_Util\FidelisDuino_Util.vcxproj", "{32D1D32C-1622-4B5D-9CF7-6C7ADC17584E}"
EndProject
Project("{8BC9CEB8-8B4A-11D0-8D11-00A0C91BC942}") = "FidelisDuino_VirtualClock", "FidelisDuino_VirtualClock\FidelisDuino_VirtualClock\FidelisDuino_VirtualClock.vcxproj", "{C1A35970-F45C-43F4-98F3-DA3179351D68}"
EndProject
Project("{8BC9CEB8-8B4A-11D0-8D11-00A0C91BC942}") = "PlcLib_EL_TON", "PlcLib_EL_TON\PlcLib_EL_TON.vcxproj", "{F02570A7-E608-49A8-93DD-41A04499B5E1}"
EndProject
Project("{8BC9CEB8-8B4A-11D0-8D11-00A0C91BC942}") = "PlcLib_SSW_PLC_SCAN", "PlcLib_SSW_PLC_SCAN\PlcLib_SSW_PLC_SCAN.vcxproj", "{FE6D96D5-B4E5-439E-8605-3790DB02D7A3}"
EndProject
Project("{8BC9CEB8-8B4A-11D0-8D11-00A0C91BC942}") = "PlcLib_EL_TOF", "PlcLib_EL_TOF\PlcLib_EL_TOF.vcxproj", "{ED33E64E-A012-4F85-9B4D-6039B3550148}"
EndProject
Project("{8BC9CEB8-8B4A-11D0-8D11-00A0C91BC942}") = "PlcLib_EL_STEP_CTRL", "PlcLib_EL_STEP_CTRL\PlcLib_EL_STEP_CTRL.vcxproj", "{247133D2-BE0B-4498-A676-401AFEEE3E2F}"
EndProject
Global
	GlobalSection(SolutionConfigurationPlatforms) = preSolution
		Debug|x64 = Debug|x64
		Debug|x86 = Debug|x86
		Release|x64 = Release|x64
		Release|x86 = Release|x86
	EndGlobalSection
	GlobalSection(ProjectConfigurationPlatforms) = postSolution
		{24C6577D-5EA5-41E8-A912-98EEA43F74E9}.Debug|x64.ActiveCfg = Debug|x64
		{24C6577D-5EA5-41E8-A912-98EEA43F74E9}.Debug|x64.Build.0 = Debug|x64
		{24C6577D-5EA5-41E8-A912-98EEA43F74E9}.Debug|x86.ActiveCfg = Debug|Win32
		{24C6577D-5EA5-41E8-A912-98EEA43F74E9}.Debug|x86.Build.0 = Debug|Win32
		{24C6577D-5EA5-41E8-A912-98EEA43F74E9}.Release|x64.ActiveCfg = Release|x64
		{24C6577D-5EA5-41E8-A912-98EEA43F74E9}.Release|x64.Build.0 = Release|x64
		{24C6577D-5EA5-41E8-A912-98EEA43F74E9}.Release|x86.ActiveCfg = Release|Win32
		{24C6577D-5EA5-41E8-A912-98EEA43F74E9}.Release|x86.Build.0 = Release|Win32
		{1A036444-0581-4159-A473-29357544473D}.Debug|x64.ActiveCfg = Debug|x64
		{1A036444-0581-4159-A473-29357544473D}.Debug|x64.Build.0 = Debug|x64
		{1A036444-0581-4159-A473-29357544473D}.Debug|x86.ActiveCfg = Debug|Win32
		{1A036444-0581-4159-A473-29357544473D}.Debug|x86.Build.0 = Debug|Win32
		{1A036444-0581-4159-A473-29357544473D}.Release|x64.ActiveCfg = Release|x64
		{1A036444-0581-4159-A473-29357544473D}.Release|x64.Build.0 = Release|x64
		{1A036444-0581-4159-A473-29357544473D}.Release|x86.ActiveCfg = Release|Win32
		{1A036444-0581-4159-A473-29357544473D}.Release|x86.Build.0 = Release|Win32
		{C70D9878-BF16-4793-833F-66BA7C208162}.Debug|x64.ActiveCfg = Debug|x64
		{C70D9878-BF16-4793-833F-66BA7C208162}.Debug|x64.Build.0 = Debug|x64
		{C70D9878-BF16-4793-833F-66BA7C208162}.Debug|x86.ActiveCfg = Debug|Win32
		{C70D9878-BF16-4793-833F-66BA7C208162}.Debug|x86.Build.0 = Debug|Win32
		{C70D9878-BF16-4793-833F-66BA7C208162}.Release|x64.ActiveCfg = Release|x64
		{C70D9878-BF16-4793-833F-66BA7C208162}.Release|x64.Build.0 = Release|x64
		{C70D9878-BF16-4793-833F-66BA7C208162}.Release|x86.ActiveCfg = Release|Win32
		{C70D9878-BF16-4793-833F-66BA7C208162}.Release|x86.Build.0 = Release|Win32
		{4025DBBC-90E9-4E41-9AB6-D21AA9BB65C7}.Debug|x64.ActiveCfg = Debug|x64
		{4025DBBC-90E9-4E41-9AB6-D21AA9BB65C7}.Debug|x64.Build.0 = Debug|x64
		{4025DBBC-90E9-4E41-9AB6-D21AA9BB65C7}.Debug|x86.ActiveCfg = Debug|Win32
		{4025DBBC-90E9-4E41-9AB6-D21AA9BB65C7}.Debug|x86.Build.0 = Debug|Win32
		{4025DBBC-90E9-4E41-9AB6-D21AA9BB65C7}.Release|x64.ActiveCfg = Release|x64
		{4025DBBC-90E9-4E41-9AB6-D21AA9BB65C7}.Release|x64.Build.0 = Release|x64
		{4025DBBC-90E9-4E41-9AB6-D21AA9BB65C7}.Release|x86.ActiveCfg = Release|Win32
		{4025DBBC-90E9-4E41-9AB6-D21AA9BB65C7}.Release|x86.Build.0 = Release|Win32
		{98204FF3-FE17-43E4-8DAC-7AA5B5DC2C43}.Debug|x64.ActiveCfg = Debug|x64
		{98204FF3-FE17-43E4-8DAC-7AA5B5DC2C43}.Debug|x64.Build.0 = Debug|x64
		{98204FF3-FE17-43E4-8DAC-7AA5B5DC2C43}.Debug|x86.ActiveCfg = Debug|Win32
		{98204FF3-FE17-43E4-8DAC-7AA5B5DC2C43}.Debug|x86.Build.0 = Debug|Win32
		{98204FF3-FE17-43E4-8DAC-7AA5B5DC2C43}.Release|x64.ActiveCfg = Release|x64
		{98204FF3-FE17-43E4-8DAC-7AA5B5DC2C43}.Release|x64.Build.0 = Release|x64
		{98204FF3-FE17-43E4-8DAC-7AA5B5DC2C43}.Release|x86.ActiveCfg = Release|Win32
		{98204FF3-FE17-43E4-8DAC-7AA5B5DC2C43}.Release|x86.Build.0 = Release|Win32
		{32D1D32C-1622-4B5D-9CF7-6C7ADC17584E}.Debug|x64.ActiveCfg = Debug|x64
		{32D1D32C-1622-4B5D-9CF7-6C7ADC17584E}.Debug|x64.Build.0 = Debug|x64
		{32D1D32C-1622-4B5D-9CF7-6C7ADC17584E}.Debug|x86.ActiveCfg = Debug|Win32
		{32D1D32C-1622-4B5D-9CF7-6C7ADC17584E}.Debug|x86.Build.0 = Debug|Win32
		{32D1D32C-1622-4B5D-9CF7-6C7ADC17584E}.Release|x64.ActiveCfg = Release|x64
		{32D1D32C-1622-4B5D-9CF7-6C7ADC17584E}.Release|x64.Build.0 = Release|x64
		{32D1D32C-1622-4B5D-9CF7-6C7ADC17584E}.Release|x86.ActiveCfg = Release|Win32
		{32D1D32C-1622-4B5D-9CF7-6C7ADC17584E}.Release|x86.Build.0 = Release|Win32
		{C1A35970-F45C-43F4-98F3-DA3179351D68}.Debug|x64.ActiveCfg = Debug|x64
		{C1A35970-F45C-43F4-98F3-DA3179351D68}.Debug|x64.Build.0 = Debug|x64
		{C1A35970-F45C-43F4-98F3-DA3179351D68}.Debug|x86.ActiveCfg = Debug|Win32
		{C1A35970-F45C-43F4-98F3-DA3179351D68}.Debug|x86.Build.0 = Debug|Win32
		{C1A35970-F45C-43F4-98F3-DA3179351D68}.Release|x64.ActiveCfg = Release|x64
		{C1A35970-F45C-43F4-98F3-DA3179351D68}.Release|x64.Build.0 = Release|x64
		{C1A35970-F45C-43F4-98F3-DA3179351D68}.Release|x86.ActiveCfg = Release|Win32
		{C1A35970-F45C-43F4-98F3-DA3179351D68}.Release|x86.Build.0 = Release|Win32
		{F02570A7-E608-49A8-93DD-41A04499B5E1}.Debug|x64.ActiveCfg = Debug|x64
		{F02570A7-E608-49A8-93DD-41A04499B5E1}.Debug|x64.Build.0 = Debug|x64
		{F02570A7-E608-49A8-93DD-41A04499B5E1}.Debug|x86.ActiveCfg = Debug|Win32
		{F02570A7-E608-49A8-93DD-41A04499B5E1}.Debug|x86.Build.0 = Debug|Win32
		{F02570A7-E608-49A8-93DD-41A04499B5E1}.Release|x64.ActiveCfg = Release|x64
		{F02570A7-E608-49A8-93DD-41A04499B5E1}.Release|x64.Build.0 = Release|x64
		{F02570A7-E608-49A8-93DD-41A04499B5E1}.Release|x86.ActiveCfg = Release|Win32
		{F02570A7-E608-49A8-93DD-41A04499B5E1}.Release|x86.Build.0 = Release|Win32
		{FE6D96D5-B4E5-439E-8605-3790DB02D7A3}.Debug|x64.ActiveCfg = Debug|x64
		{FE6D96D5-B4E5-439E-8605-3790DB02D7A3}.Debug|x64.Build.0 = Debug|x64
		{FE6D96D5-B4E5-439E-8605-3790DB02D7A3}.Debug|x86.ActiveCfg = Debug|Win32
		{FE6D96D5-B4E5-439E-8605-3790DB02D7A3}.Debug|x86.Build.0 = Debug|Win32
		{FE6D96D5-B4E5-439E-8605-3790DB02D7A3}.Release|x64.ActiveCfg = Release|x64
		{FE6D96D5-B4E5-439E-8605-3790DB02D7A3}.Release|x64.Build.0 = Release|x64
		{FE6D96D5-B4E5-439E-8605-3790DB02D7A3}.Release|x86.ActiveCfg = Release|Win32
		{FE6D96D5-B4E5-439E-8605-3790DB02D7A3}.Release|x86.Build.0 = Release|Win32
		{ED33E64E-A012-4F85-9B4D-6039B3550148}.Debug|x64.ActiveCfg = Debug|x64
		{ED33E64E-A012-4F85-9B4D-6039B3550148}.Debug|x64.Build.0 = Debug|x64
		{ED33E64E-A012-4F85-9B4D-6039B3550148}.Debug|x86.ActiveCfg = Debug|Win32
		{ED33E64E-A012-4F85-9B4D-6039B3550148}.Debug|x86.Build.0 = Debug|Win32
		{ED33E64E-A012-4F85-9B4D-6039B3550148}.Release|x64.ActiveCfg = Release|x64
		{ED33E64E-A012-4F85-9B4D-6039B3550148}.Release|x64.Build.0 = Release|x64
		{ED33E64E-A012-4F85-9B4D-6039B3550148}.Release|x86.ActiveCfg = Release|Win32
		{ED33E64E-A012-4F85-9B4D-6039B3550148}.Release|x86.Build.0 = Release|Win32
		{247133D2-BE0B-4498-A676-401AFEEE3E2F}.Debug|x64.ActiveCfg = Debug|x64
		{247133D2-BE0B-4498-A676-401AFEEE3E2F}.Debug|x64.Build.0 = Debug|x64
		{247133D2-BE0B-4498-A676-401AFEEE3E2F}.Debug|x86.ActiveCfg = Debug|Win32
		{247133D2-BE0B-4498-A676-401AFEEE3E2F}.Debug|x86.Build.0 = Debug|Win32
		{247133D2-BE0B-4498-A676-401AFEEE3E2F}.Release|x64.ActiveCfg = Release|x64
		{247133D2-BE0B-4498-A676-401AFEEE3E2F}.Release|x64.Build.0 = Release|x64
		{247133D2-BE0B-4498-A676-401AFEEE3E2F}.Release|x86.ActiveCfg = Release|Win32
		{247133D2-BE0B-4498-A676-401AFEEE3E2F}.Release|x86.Build.0 = Release|Win32
	EndGlobalSection
	GlobalSection(SolutionProperties) = preSolution
		HideSolutionNode = FALSE
	EndGlobalSection
	GlobalSection(ExtensibilityGlobals) = postSolution
		SolutionGuid = {77892791-8F20-441A-8F15-B48341019FB7}
	EndGlobalSection
EndGlobal
